
Microsoft Visual Studio Solution File, Format Version 12.00
# Visual Studio Version 16
VisualStudioVersion = 16.0.31729.503
MinimumVisualStudioVersion = 10.0.40219.1
Project("{FAE04EC0-301F-11D3-BF4B-00C04F79EFBC}") = "Polyclinic", "Polyclinic.csproj", "{758837AB-F47C-4604-97D7-45961C17B503}"
EndProject
Global
	GlobalSection(SolutionConfigurationPlatforms) = preSolution
		Debug|Any CPU = Debug|Any CPU
		Release|Any CPU = Release|Any CPU
	EndGlobalSection
	GlobalSection(ProjectConfigurationPlatforms) = postSolution
		{758837AB-F47C-4604-97D7-45961C17B503}.Debug|Any CPU.ActiveCfg = Debug|Any CPU
		{758837AB-F47C-4604-97D7-45961C17B503}.Debug|Any CPU.Build.0 = Debug|Any CPU
		{758837AB-F47C-4604-97D7-45961C17B503}.Release|Any CPU.ActiveCfg = Release|Any CPU
		{758837AB-F47C-4604-97D7-45961C17B503}.Release|Any CPU.Build.0 = Release|Any CPU
	EndGlobalSection
	GlobalSection(SolutionProperties) = preSolution
		HideSolutionNode = FALSE
	EndGlobalSection
	GlobalSection(ExtensibilityGlobals) = postSolution
		SolutionGuid = {764B8119-42D4-4A6D-B42C-F5EED88D9762}
	EndGlobalSection
EndGlobal
